lockfileVersion: 5.3

specifiers:
  '@vitejs/plugin-vue': ^2.2.0
  ant-design-vue: ^1.7.8
  axios: ^0.26.0
  vite: ^2.8.0
  vue: ^3.2.25
  vue-router: '4'
  vuex: ^4.0.2

dependencies:
  ant-design-vue: 1.7.8_vue@3.2.31
  axios: 0.26.0
  vue: 3.2.31
  vue-router: 4.0.13_vue@3.2.31
  vuex: 4.0.2_vue@3.2.31

devDependencies:
  '@vitejs/plugin-vue': 2.2.4_vite@2.8.6+vue@3.2.31
  vite: 2.8.6

packages:

  /@ant-design/colors/3.2.2:
    resolution: {integrity: sha512-YKgNbG2dlzqMhA9NtI3/pbY16m3Yl/EeWBRa+lB1X1YaYxHrxNexiQYCLTWO/uDvAjLFMEDU+zR901waBtMtjQ==}
    dependencies:
      tinycolor2: 1.4.2
    dev: false

  /@ant-design/icons-vue/2.0.0_8c9a647a1f70b68bfb985a7810f65cbe:
    resolution: {integrity: sha512-2c0QQE5hL4N48k5NkPG5sdpMl9YnvyNhf0U7YkdZYDlLnspoRU7vIA0UK9eHBs6OpFLcJB6o8eJrIl2ajBskPg==}
    peerDependencies:
      '@ant-design/icons': ^2.0.0
      vue: '>=2.5.0'
      vue-template-compiler: '>=2.5.0'
    dependencies:
      '@ant-design/colors': 3.2.2
      '@ant-design/icons': 2.1.1
      babel-runtime: 6.26.0
      vue: 3.2.31
    dev: false

  /@ant-design/icons/2.1.1:
    resolution: {integrity: sha512-jCH+k2Vjlno4YWl6g535nHR09PwCEmTBKAG6VqF+rhkrSPRLfgpU2maagwbZPLjaHuU5Jd1DFQ2KJpQuI6uG8w==}
    dev: false

  /@babel/parser/7.17.3:
    resolution: {integrity: sha512-7yJPvPV+ESz2IUTPbOL+YkIGyCqOyNIzdguKQuJGnH7bg1WTIifuM21YqokFt/THWh1AkCRn9IgoykTRCBVpzA==}
    engines: {node: '>=6.0.0'}
    hasBin: true
    dev: false

  /@simonwep/pickr/1.7.4:
    resolution: {integrity: sha512-fq7jgKJT21uWGC1mARBHvvd1JYlEf93o7SuVOB4Lr0x/2UPuNC9Oe9n/GzVeg4oVtqMDfh1wIEJpsdOJEZb+3g==}
    dependencies:
      core-js: 3.21.1
      nanopop: 2.1.0
    dev: false

  /@vitejs/plugin-vue/2.2.4_vite@2.8.6+vue@3.2.31:
    resolution: {integrity: sha512-ev9AOlp0ljCaDkFZF3JwC/pD2N4Hh+r5srl5JHM6BKg5+99jiiK0rE/XaRs3pVm1wzyKkjUy/StBSoXX5fFzcw==}
    engines: {node: '>=12.0.0'}
    peerDependencies:
      vite: ^2.5.10
      vue: ^3.2.25
    dependencies:
      vite: 2.8.6
      vue: 3.2.31
    dev: true

  /@vue/compiler-core/3.2.31:
    resolution: {integrity: sha512-aKno00qoA4o+V/kR6i/pE+aP+esng5siNAVQ422TkBNM6qA4veXiZbSe8OTXHXquEi/f6Akc+nLfB4JGfe4/WQ==}
    dependencies:
      '@babel/parser': 7.17.3
      '@vue/shared': 3.2.31
      estree-walker: 2.0.2
      source-map: 0.6.1
    dev: false

  /@vue/compiler-dom/3.2.31:
    resolution: {integrity: sha512-60zIlFfzIDf3u91cqfqy9KhCKIJgPeqxgveH2L+87RcGU/alT6BRrk5JtUso0OibH3O7NXuNOQ0cDc9beT0wrg==}
    dependencies:
      '@vue/compiler-core': 3.2.31
      '@vue/shared': 3.2.31
    dev: false

  /@vue/compiler-sfc/3.2.31:
    resolution: {integrity: sha512-748adc9msSPGzXgibHiO6T7RWgfnDcVQD+VVwYgSsyyY8Ans64tALHZANrKtOzvkwznV/F4H7OAod/jIlp/dkQ==}
    dependencies:
      '@babel/parser': 7.17.3
      '@vue/compiler-core': 3.2.31
      '@vue/compiler-dom': 3.2.31
      '@vue/compiler-ssr': 3.2.31
      '@vue/reactivity-transform': 3.2.31
      '@vue/shared': 3.2.31
      estree-walker: 2.0.2
      magic-string: 0.25.8
      postcss: 8.4.7
      source-map: 0.6.1
    dev: false

  /@vue/compiler-ssr/3.2.31:
    resolution: {integrity: sha512-mjN0rqig+A8TVDnsGPYJM5dpbjlXeHUm2oZHZwGyMYiGT/F4fhJf/cXy8QpjnLQK4Y9Et4GWzHn9PS8AHUnSkw==}
    dependencies:
      '@vue/compiler-dom': 3.2.31
      '@vue/shared': 3.2.31
    dev: false

  /@vue/devtools-api/6.0.12:
    resolution: {integrity: sha512-iO/4FIezHKXhiDBdKySCvJVh8/mZPxHpiQrTy+PXVqJZgpTPTdHy4q8GXulaY+UKEagdkBb0onxNQZ0LNiqVhw==}
    dev: false

  /@vue/reactivity-transform/3.2.31:
    resolution: {integrity: sha512-uS4l4z/W7wXdI+Va5pgVxBJ345wyGFKvpPYtdSgvfJfX/x2Ymm6ophQlXXB6acqGHtXuBqNyyO3zVp9b1r0MOA==}
    dependencies:
      '@babel/parser': 7.17.3
      '@vue/compiler-core': 3.2.31
      '@vue/shared': 3.2.31
      estree-walker: 2.0.2
      magic-string: 0.25.8
    dev: false

  /@vue/reactivity/3.2.31:
    resolution: {integrity: sha512-HVr0l211gbhpEKYr2hYe7hRsV91uIVGFYNHj73njbARVGHQvIojkImKMaZNDdoDZOIkMsBc9a1sMqR+WZwfSCw==}
    dependencies:
      '@vue/shared': 3.2.31
    dev: false

  /@vue/runtime-core/3.2.31:
    resolution: {integrity: sha512-Kcog5XmSY7VHFEMuk4+Gap8gUssYMZ2+w+cmGI6OpZWYOEIcbE0TPzzPHi+8XTzAgx1w/ZxDFcXhZeXN5eKWsA==}
    dependencies:
      '@vue/reactivity': 3.2.31
      '@vue/shared': 3.2.31
    dev: false

  /@vue/runtime-dom/3.2.31:
    resolution: {integrity: sha512-N+o0sICVLScUjfLG7u9u5XCjvmsexAiPt17GNnaWHJUfsKed5e85/A3SWgKxzlxx2SW/Hw7RQxzxbXez9PtY3g==}
    dependencies:
      '@vue/runtime-core': 3.2.31
      '@vue/shared': 3.2.31
      csstype: 2.6.19
    dev: false

  /@vue/server-renderer/3.2.31_vue@3.2.31:
    resolution: {integrity: sha512-8CN3Zj2HyR2LQQBHZ61HexF5NReqngLT3oahyiVRfSSvak+oAvVmu8iNLSu6XR77Ili2AOpnAt1y8ywjjqtmkg==}
    peerDependencies:
      vue: 3.2.31
    dependencies:
      '@vue/compiler-ssr': 3.2.31
      '@vue/shared': 3.2.31
      vue: 3.2.31
    dev: false

  /@vue/shared/3.2.31:
    resolution: {integrity: sha512-ymN2pj6zEjiKJZbrf98UM2pfDd6F2H7ksKw7NDt/ZZ1fh5Ei39X5tABugtT03ZRlWd9imccoK0hE8hpjpU7irQ==}
    dev: false

  /add-dom-event-listener/1.1.0:
    resolution: {integrity: sha512-WCxx1ixHT0GQU9hb0KI/mhgRQhnU+U3GvwY6ZvVjYq8rsihIGoaIOUbY0yMPBxLH5MDtr0kz3fisWGNcbWW7Jw==}
    dependencies:
      object-assign: 4.1.1
    dev: false

  /ant-design-vue/1.7.8_vue@3.2.31:
    resolution: {integrity: sha512-F1hmiS9vwbyfuFvlamdW5l9bHKqRlj9wHaGDIE41NZMWXyWy8qL0UFa/+I0Wl8gQWZCqODW5pN6Yfoyn85At3A==}
    requiresBuild: true
    peerDependencies:
      vue: ^2.6.0
      vue-template-compiler: ^2.6.0
    dependencies:
      '@ant-design/icons': 2.1.1
      '@ant-design/icons-vue': 2.0.0_8c9a647a1f70b68bfb985a7810f65cbe
      '@simonwep/pickr': 1.7.4
      add-dom-event-listener: 1.1.0
      array-tree-filter: 2.1.0
      async-validator: 3.5.2
      babel-helper-vue-jsx-merge-props: 2.0.3
      babel-runtime: 6.26.0
      classnames: 2.3.1
      component-classes: 1.2.6
      dom-align: 1.12.2
      dom-closest: 0.2.0
      dom-scroll-into-view: 2.0.1
      enquire.js: 2.1.6
      intersperse: 1.0.0
      is-mobile: 2.2.2
      is-negative-zero: 2.0.2
      ismobilejs: 1.1.1
      json2mq: 0.2.0
      lodash: 4.17.21
      moment: 2.29.1
      mutationobserver-shim: 0.3.7
      node-emoji: 1.11.0
      omit.js: 1.0.2
      raf: 3.4.1
      resize-observer-polyfill: 1.5.1
      shallow-equal: 1.2.1
      shallowequal: 1.1.0
      vue: 3.2.31
      vue-ref: 2.0.0
      warning: 4.0.3
    dev: false

  /array-tree-filter/2.1.0:
    resolution: {integrity: sha512-4ROwICNlNw/Hqa9v+rk5h22KjmzB1JGTMVKP2AKJBOCgb0yL0ASf0+YvCcLNNwquOHNX48jkeZIJ3a+oOQqKcw==}
    dev: false

  /async-validator/3.5.2:
    resolution: {integrity: sha512-8eLCg00W9pIRZSB781UUX/H6Oskmm8xloZfr09lz5bikRpBVDlJ3hRVuxxP1SxcwsEYfJ4IU8Q19Y8/893r3rQ==}
    dev: false

  /axios/0.26.0:
    resolution: {integrity: sha512-lKoGLMYtHvFrPVt3r+RBMp9nh34N0M8zEfCWqdWZx6phynIEhQqAdydpyBAAG211zlhX9Rgu08cOamy6XjE5Og==}
    dependencies:
      follow-redirects: 1.14.9
    transitivePeerDependencies:
      - debug
    dev: false

  /babel-helper-vue-jsx-merge-props/2.0.3:
    resolution: {integrity: sha512-gsLiKK7Qrb7zYJNgiXKpXblxbV5ffSwR0f5whkPAaBAR4fhi6bwRZxX9wBlIc5M/v8CCkXUbXZL4N/nSE97cqg==}
    dev: false

  /babel-runtime/6.26.0:
    resolution: {integrity: sha1-llxwWGaOgrVde/4E/yM3vItWR/4=}
    dependencies:
      core-js: 2.6.12
      regenerator-runtime: 0.11.1
    dev: false

  /classnames/2.3.1:
    resolution: {integrity: sha512-OlQdbZ7gLfGarSqxesMesDa5uz7KFbID8Kpq/SxIoNGDqY8lSYs0D+hhtBXhcdB3rcbXArFr7vlHheLk1voeNA==}
    dev: false

  /component-classes/1.2.6:
    resolution: {integrity: sha1-xkI5TDYYpNiwuJGe/Mu9kw5c1pE=}
    dependencies:
      component-indexof: 0.0.3
    dev: false

  /component-indexof/0.0.3:
    resolution: {integrity: sha1-EdCRMSI5648yyPJa6csAL/6NPCQ=}
    dev: false

  /core-js/2.6.12:
    resolution: {integrity: sha512-Kb2wC0fvsWfQrgk8HU5lW6U/Lcs8+9aaYcy4ZFc6DDlo4nZ7n70dEgE5rtR0oG6ufKDUnrwfWL1mXR5ljDatrQ==}
    deprecated: core-js@<3.4 is no longer maintained and not recommended for usage due to the number of issues. Because of the V8 engine whims, feature detection in old core-js versions could cause a slowdown up to 100x even if nothing is polyfilled. Please, upgrade your dependencies to the actual version of core-js.
    requiresBuild: true
    dev: false

  /core-js/3.21.1:
    resolution: {integrity: sha512-FRq5b/VMrWlrmCzwRrpDYNxyHP9BcAZC+xHJaqTgIE5091ZV1NTmyh0sGOg5XqpnHvR0svdy0sv1gWA1zmhxig==}
    requiresBuild: true
    dev: false

  /csstype/2.6.19:
    resolution: {integrity: sha512-ZVxXaNy28/k3kJg0Fou5MiYpp88j7H9hLZp8PDC3jV0WFjfH5E9xHb56L0W59cPbKbcHXeP4qyT8PrHp8t6LcQ==}
    dev: false

  /dom-align/1.12.2:
    resolution: {integrity: sha512-pHuazgqrsTFrGU2WLDdXxCFabkdQDx72ddkraZNih1KsMcN5qsRSTR9O4VJRlwTPCPb5COYg3LOfiMHHcPInHg==}
    dev: false

  /dom-closest/0.2.0:
    resolution: {integrity: sha1-69n5HRvyLo1vR3h2u80+yQIWwM8=}
    dependencies:
      dom-matches: 2.0.0
    dev: false

  /dom-matches/2.0.0:
    resolution: {integrity: sha1-0nKLQWqHUzmA6wibhI0lPPI6dYw=}
    dev: false

  /dom-scroll-into-view/2.0.1:
    resolution: {integrity: sha512-bvVTQe1lfaUr1oFzZX80ce9KLDlZ3iU+XGNE/bz9HnGdklTieqsbmsLHe+rT2XWqopvL0PckkYqN7ksmm5pe3w==}
    dev: false

  /enquire.js/2.1.6:
    resolution: {integrity: sha1-PoeAybi4NQhMP2DhZtvDwqPImBQ=}
    dev: false

  /esbuild-android-arm64/0.14.23:
    resolution: {integrity: sha512-k9sXem++mINrZty1v4FVt6nC5BQCFG4K2geCIUUqHNlTdFnuvcqsY7prcKZLFhqVC1rbcJAr9VSUGFL/vD4vsw==}
    engines: {node: '>=12'}
    cpu: [arm64]
    os: [android]
    requiresBuild: true
    dev: true
    optional: true

  /esbuild-darwin-64/0.14.23:
    resolution: {integrity: sha512-lB0XRbtOYYL1tLcYw8BoBaYsFYiR48RPrA0KfA/7RFTr4MV7Bwy/J4+7nLsVnv9FGuQummM3uJ93J3ptaTqFug==}
    engines: {node: '>=12'}
    cpu: [x64]
    os: [darwin]
    requiresBuild: true
    dev: true
    optional: true

  /esbuild-darwin-arm64/0.14.23:
    resolution: {integrity: sha512-yat73Z/uJ5tRcfRiI4CCTv0FSnwErm3BJQeZAh+1tIP0TUNh6o+mXg338Zl5EKChD+YGp6PN+Dbhs7qa34RxSw==}
    engines: {node: '>=12'}
    cpu: [arm64]
    os: [darwin]
    requiresBuild: true
    dev: true
    optional: true

  /esbuild-freebsd-64/0.14.23:
    resolution: {integrity: sha512-/1xiTjoLuQ+LlbfjJdKkX45qK/M7ARrbLmyf7x3JhyQGMjcxRYVR6Dw81uH3qlMHwT4cfLW4aEVBhP1aNV7VsA==}
    engines: {node: '>=12'}
    cpu: [x64]
    os: [freebsd]
    requiresBuild: true
    dev: true
    optional: true

  /esbuild-freebsd-arm64/0.14.23:
    resolution: {integrity: sha512-uyPqBU/Zcp6yEAZS4LKj5jEE0q2s4HmlMBIPzbW6cTunZ8cyvjG6YWpIZXb1KK3KTJDe62ltCrk3VzmWHp+iLg==}
    engines: {node: '>=12'}
    cpu: [arm64]
    os: [freebsd]
    requiresBuild: true
    dev: true
    optional: true

  /esbuild-linux-32/0.14.23:
    resolution: {integrity: sha512-37R/WMkQyUfNhbH7aJrr1uCjDVdnPeTHGeDhZPUNhfoHV0lQuZNCKuNnDvlH/u/nwIYZNdVvz1Igv5rY/zfrzQ==}
    engines: {node: '>=12'}
    cpu: [ia32]
    os: [linux]
    requiresBuild: true
    dev: true
    optional: true

  /esbuild-linux-64/0.14.23:
    resolution: {integrity: sha512-H0gztDP60qqr8zoFhAO64waoN5yBXkmYCElFklpd6LPoobtNGNnDe99xOQm28+fuD75YJ7GKHzp/MLCLhw2+vQ==}
    engines: {node: '>=12'}
    cpu: [x64]
    os: [linux]
    requiresBuild: true
    dev: true
    optional: true

  /esbuild-linux-arm/0.14.23:
    resolution: {integrity: sha512-x64CEUxi8+EzOAIpCUeuni0bZfzPw/65r8tC5cy5zOq9dY7ysOi5EVQHnzaxS+1NmV+/RVRpmrzGw1QgY2Xpmw==}
    engines: {node: '>=12'}
    cpu: [arm]
    os: [linux]
    requiresBuild: true
    dev: true
    optional: true

  /esbuild-linux-arm64/0.14.23:
    resolution: {integrity: sha512-c4MLOIByNHR55n3KoYf9hYDfBRghMjOiHLaoYLhkQkIabb452RWi+HsNgB41sUpSlOAqfpqKPFNg7VrxL3UX9g==}
    engines: {node: '>=12'}
    cpu: [arm64]
    os: [linux]
    requiresBuild: true
    dev: true
    optional: true

  /esbuild-linux-mips64le/0.14.23:
    resolution: {integrity: sha512-kHKyKRIAedYhKug2EJpyJxOUj3VYuamOVA1pY7EimoFPzaF3NeY7e4cFBAISC/Av0/tiV0xlFCt9q0HJ68IBIw==}
    engines: {node: '>=12'}
    cpu: [mips64el]
    os: [linux]
    requiresBuild: true
    dev: true
    optional: true

  /esbuild-linux-ppc64le/0.14.23:
    resolution: {integrity: sha512-7ilAiJEPuJJnJp/LiDO0oJm5ygbBPzhchJJh9HsHZzeqO+3PUzItXi+8PuicY08r0AaaOe25LA7sGJ0MzbfBag==}
    engines: {node: '>=12'}
    cpu: [ppc64]
    os: [linux]
    requiresBuild: true
    dev: true
    optional: true

  /esbuild-linux-riscv64/0.14.23:
    resolution: {integrity: sha512-fbL3ggK2wY0D8I5raPIMPhpCvODFE+Bhb5QGtNP3r5aUsRR6TQV+ZBXIaw84iyvKC8vlXiA4fWLGhghAd/h/Zg==}
    engines: {node: '>=12'}
    cpu: [riscv64]
    os: [linux]
    requiresBuild: true
    dev: true
    optional: true

  /esbuild-linux-s390x/0.14.23:
    resolution: {integrity: sha512-GHMDCyfy7+FaNSO8RJ8KCFsnax8fLUsOrj9q5Gi2JmZMY0Zhp75keb5abTFCq2/Oy6KVcT0Dcbyo/bFb4rIFJA==}
    engines: {node: '>=12'}
    cpu: [s390x]
    os: [linux]
    requiresBuild: true
    dev: true
    optional: true

  /esbuild-netbsd-64/0.14.23:
    resolution: {integrity: sha512-ovk2EX+3rrO1M2lowJfgMb/JPN1VwVYrx0QPUyudxkxLYrWeBxDKQvc6ffO+kB4QlDyTfdtAURrVzu3JeNdA2g==}
    engines: {node: '>=12'}
    cpu: [x64]
    os: [netbsd]
    requiresBuild: true
    dev: true
    optional: true

  /esbuild-openbsd-64/0.14.23:
    resolution: {integrity: sha512-uYYNqbVR+i7k8ojP/oIROAHO9lATLN7H2QeXKt2H310Fc8FJj4y3Wce6hx0VgnJ4k1JDrgbbiXM8rbEgQyg8KA==}
    engines: {node: '>=12'}
    cpu: [x64]
    os: [openbsd]
    requiresBuild: true
    dev: true
    optional: true

  /esbuild-sunos-64/0.14.23:
    resolution: {integrity: sha512-hAzeBeET0+SbScknPzS2LBY6FVDpgE+CsHSpe6CEoR51PApdn2IB0SyJX7vGelXzlyrnorM4CAsRyb9Qev4h9g==}
    engines: {node: '>=12'}
    cpu: [x64]
    os: [sunos]
    requiresBuild: true
    dev: true
    optional: true

  /esbuild-windows-32/0.14.23:
    resolution: {integrity: sha512-Kttmi3JnohdaREbk6o9e25kieJR379TsEWF0l39PQVHXq3FR6sFKtVPgY8wk055o6IB+rllrzLnbqOw/UV60EA==}
    engines: {node: '>=12'}
    cpu: [ia32]
    os: [win32]
    requiresBuild: true
    dev: true
    optional: true

  /esbuild-windows-64/0.14.23:
    resolution: {integrity: sha512-JtIT0t8ymkpl6YlmOl6zoSWL5cnCgyLaBdf/SiU/Eg3C13r0NbHZWNT/RDEMKK91Y6t79kTs3vyRcNZbfu5a8g==}
    engines: {node: '>=12'}
    cpu: [x64]
    os: [win32]
    requiresBuild: true
    dev: true
    optional: true

  /esbuild-windows-arm64/0.14.23:
    resolution: {integrity: sha512-cTFaQqT2+ik9e4hePvYtRZQ3pqOvKDVNarzql0VFIzhc0tru/ZgdLoXd6epLiKT+SzoSce6V9YJ+nn6RCn6SHw==}
    engines: {node: '>=12'}
    cpu: [arm64]
    os: [win32]
    requiresBuild: true
    dev: true
    optional: true

  /esbuild/0.14.23:
    resolution: {integrity: sha512-XjnIcZ9KB6lfonCa+jRguXyRYcldmkyZ99ieDksqW/C8bnyEX299yA4QH2XcgijCgaddEZePPTgvx/2imsq7Ig==}
    engines: {node: '>=12'}
    hasBin: true
    requiresBuild: true
    optionalDependencies:
      esbuild-android-arm64: 0.14.23
      esbuild-darwin-64: 0.14.23
      esbuild-darwin-arm64: 0.14.23
      esbuild-freebsd-64: 0.14.23
      esbuild-freebsd-arm64: 0.14.23
      esbuild-linux-32: 0.14.23
      esbuild-linux-64: 0.14.23
      esbuild-linux-arm: 0.14.23
      esbuild-linux-arm64: 0.14.23
      esbuild-linux-mips64le: 0.14.23
      esbuild-linux-ppc64le: 0.14.23
      esbuild-linux-riscv64: 0.14.23
      esbuild-linux-s390x: 0.14.23
      esbuild-netbsd-64: 0.14.23
      esbuild-openbsd-64: 0.14.23
      esbuild-sunos-64: 0.14.23
      esbuild-windows-32: 0.14.23
      esbuild-windows-64: 0.14.23
      esbuild-windows-arm64: 0.14.23
    dev: true

  /estree-walker/2.0.2:
    resolution: {integrity: sha512-Rfkk/Mp/DL7JVje3u18FxFujQlTNR2q6QfMSMB7AvCBx91NGj/ba3kCfza0f6dVDbw7YlRf/nDrn7pQrCCyQ/w==}
    dev: false

  /follow-redirects/1.14.9:
    resolution: {integrity: sha512-MQDfihBQYMcyy5dhRDJUHcw7lb2Pv/TuE6xP1vyraLukNDHKbDxDNaOE3NbCAdKQApno+GPRyo1YAp89yCjK4w==}
    engines: {node: '>=4.0'}
    peerDependencies:
      debug: '*'
    peerDependenciesMeta:
      debug:
        optional: true
    dev: false

  /fsevents/2.3.2:
    resolution: {integrity: sha512-xiqMQR4xAeHTuB9uWm+fFRcIOgKBMiOBP+eXiyT7jsgVCq1bkVygt00oASowB7EdtpOHaaPgKt812P9ab+DDKA==}
    engines: {node: ^8.16.0 || ^10.6.0 || >=11.0.0}
    os: [darwin]
    requiresBuild: true
    dev: true
    optional: true

  /function-bind/1.1.1:
    resolution: {integrity: sha512-yIovAzMX49sF8Yl58fSCWJ5svSLuaibPxXQJFLmBObTuCr0Mf1KiPopGM9NiFjiYBCbfaa2Fh6breQ6ANVTI0A==}
    dev: true

  /has/1.0.3:
    resolution: {integrity: sha512-f2dvO0VU6Oej7RkWJGrehjbzMAjFp5/VKPp5tTpWIV4JHHZK1/BxbFRtf/siA2SWTe09caDmVtYYzWEIbBS4zw==}
    engines: {node: '>= 0.4.0'}
    dependencies:
      function-bind: 1.1.1
    dev: true

  /intersperse/1.0.0:
    resolution: {integrity: sha1-8lYfsc/vn1J3zDNHoiiGtDUaUYE=}
    dev: false

  /is-core-module/2.8.1:
    resolution: {integrity: sha512-SdNCUs284hr40hFTFP6l0IfZ/RSrMXF3qgoRHd3/79unUTvrFO/JoXwkGm+5J/Oe3E/b5GsnG330uUNgRpu1PA==}
    dependencies:
      has: 1.0.3
    dev: true

  /is-mobile/2.2.2:
    resolution: {integrity: sha512-wW/SXnYJkTjs++tVK5b6kVITZpAZPtUrt9SF80vvxGiF/Oywal+COk1jlRkiVq15RFNEQKQY31TkV24/1T5cVg==}
    dev: false

  /is-negative-zero/2.0.2:
    resolution: {integrity: sha512-dqJvarLawXsFbNDeJW7zAz8ItJ9cd28YufuuFzh0G8pNHjJMnY08Dv7sYX2uF5UpQOwieAeOExEYAWWfu7ZZUA==}
    engines: {node: '>= 0.4'}
    dev: false

  /ismobilejs/1.1.1:
    resolution: {integrity: sha512-VaFW53yt8QO61k2WJui0dHf4SlL8lxBofUuUmwBo0ljPk0Drz2TiuDW4jo3wDcv41qy/SxrJ+VAzJ/qYqsmzRw==}
    dev: false

  /js-tokens/4.0.0:
    resolution: {integrity: sha512-RdJUflcE3cUzKiMqQgsCu06FPu9UdIJO0beYbPhHN4k6apgJtifcoCtT9bcxOpYBtpD2kCM6Sbzg4CausW/PKQ==}
    dev: false

  /json2mq/0.2.0:
    resolution: {integrity: sha1-tje9O6nqvhIsg+lyBIOusQ0skEo=}
    dependencies:
      string-convert: 0.2.1
    dev: false

  /lodash/4.17.21:
    resolution: {integrity: sha512-v2kDEe57lecTulaDIuNTPy3Ry4gLGJ6Z1O3vE1krgXZNrsQ+LFTGHVxVjcXPs17LhbZVGedAJv8XZ1tvj5FvSg==}
    dev: false

  /loose-envify/1.4.0:
    resolution: {integrity: sha512-lyuxPGr/Wfhrlem2CL/UcnUc1zcqKAImBDzukY7Y5F/yQiNdko6+fRLevlw1HgMySw7f611UIY408EtxRSoK3Q==}
    hasBin: true
    dependencies:
      js-tokens: 4.0.0
    dev: false

  /magic-string/0.25.8:
    resolution: {integrity: sha512-n9NlSgfkB2rPYjSd/EZDoQcsXzwYAv4CIB/vi3ZSvZ2Tjax5W5Ie1NMy4HG3PVdcL4bBMMR20Ng4UcISMzqRLw==}
    dependencies:
      sourcemap-codec: 1.4.8
    dev: false

  /moment/2.29.1:
    resolution: {integrity: sha512-kHmoybcPV8Sqy59DwNDY3Jefr64lK/by/da0ViFcuA4DH0vQg5Q6Ze5VimxkfQNSC+Mls/Kx53s7TjP1RhFEDQ==}
    dev: false

  /mutationobserver-shim/0.3.7:
    resolution: {integrity: sha512-oRIDTyZQU96nAiz2AQyngwx1e89iApl2hN5AOYwyxLUB47UYsU3Wv9lJWqH5y/QdiYkc5HQLi23ZNB3fELdHcQ==}
    dev: false

  /nanoid/3.3.1:
    resolution: {integrity: sha512-n6Vs/3KGyxPQd6uO0eH4Bv0ojGSUvuLlIHtC3Y0kEO23YRge8H9x1GCzLn28YX0H66pMkxuaeESFq4tKISKwdw==}
    engines: {node: ^10 || ^12 || ^13.7 || ^14 || >=15.0.1}
    hasBin: true

  /nanopop/2.1.0:
    resolution: {integrity: sha512-jGTwpFRexSH+fxappnGQtN9dspgE2ipa1aOjtR24igG0pv6JCxImIAmrLRHX+zUF5+1wtsFVbKyfP51kIGAVNw==}
    dev: false

  /node-emoji/1.11.0:
    resolution: {integrity: sha512-wo2DpQkQp7Sjm2A0cq+sN7EHKO6Sl0ctXeBdFZrL9T9+UywORbufTcTZxom8YqpLQt/FqNMUkOpkZrJVYSKD3A==}
    dependencies:
      lodash: 4.17.21
    dev: false

  /object-assign/4.1.1:
    resolution: {integrity: sha1-IQmtx5ZYh8/AXLvUQsrIv7s2CGM=}
    engines: {node: '>=0.10.0'}
    dev: false

  /omit.js/1.0.2:
    resolution: {integrity: sha512-/QPc6G2NS+8d4L/cQhbk6Yit1WTB6Us2g84A7A/1+w9d/eRGHyEqC5kkQtHVoHZ5NFWGG7tUGgrhVZwgZanKrQ==}
    dependencies:
      babel-runtime: 6.26.0
    dev: false

  /path-parse/1.0.7:
    resolution: {integrity: sha512-LDJzPVEEEPR+y48z93A0Ed0yXb8pAByGWo/k5YYdYgpY2/2EsOsksJrq7lOHxryrVOn1ejG6oAp8ahvOIQD8sw==}
    dev: true

  /performance-now/2.1.0:
    resolution: {integrity: sha1-Ywn04OX6kT7BxpMHrjZLSzd8nns=}
    dev: false

  /picocolors/1.0.0:
    resolution: {integrity: sha512-1fygroTLlHu66zi26VoTDv8yRgm0Fccecssto+MhsZ0D/DGW2sm8E8AjW7NU5VVTRt5GxbeZ5qBuJr+HyLYkjQ==}

  /postcss/8.4.7:
    resolution: {integrity: sha512-L9Ye3r6hkkCeOETQX6iOaWZgjp3LL6Lpqm6EtgbKrgqGGteRMNb9vzBfRL96YOSu8o7x3MfIH9Mo5cPJFGrW6A==}
    engines: {node: ^10 || ^12 || >=14}
    dependencies:
      nanoid: 3.3.1
      picocolors: 1.0.0
      source-map-js: 1.0.2

  /raf/3.4.1:
    resolution: {integrity: sha512-Sq4CW4QhwOHE8ucn6J34MqtZCeWFP2aQSmrlroYgqAV1PjStIhJXxYuTgUIfkEk7zTLjmIjLmU5q+fbD1NnOJA==}
    dependencies:
      performance-now: 2.1.0
    dev: false

  /regenerator-runtime/0.11.1:
    resolution: {integrity: sha512-MguG95oij0fC3QV3URf4V2SDYGJhJnJGqvIIgdECeODCT98wSWDAJ94SSuVpYQUoTcGUIL6L4yNB7j1DFFHSBg==}
    dev: false

  /resize-observer-polyfill/1.5.1:
    resolution: {integrity: sha512-LwZrotdHOo12nQuZlHEmtuXdqGoOD0OhaxopaNFxWzInpEgaLWoVuAMbTzixuosCx2nEG58ngzW3vxdWoxIgdg==}
    dev: false

  /resolve/1.22.0:
    resolution: {integrity: sha512-Hhtrw0nLeSrFQ7phPp4OOcVjLPIeMnRlr5mcnVuMe7M/7eBn98A3hmFRLoFo3DLZkivSYwhRUJTyPyWAk56WLw==}
    hasBin: true
    dependencies:
      is-core-module: 2.8.1
      path-parse: 1.0.7
      supports-preserve-symlinks-flag: 1.0.0
    dev: true

  /rollup/2.69.0:
    resolution: {integrity: sha512-kjER91tHyek8gAkuz7+558vSnTQ+pITEok1P0aNOS45ZXyngaqPsXJmSel4QPQnJo7EJMjXUU1/GErWkWiKORg==}
    engines: {node: '>=10.0.0'}
    hasBin: true
    optionalDependencies:
      fsevents: 2.3.2
    dev: true

  /shallow-equal/1.2.1:
    resolution: {integrity: sha512-S4vJDjHHMBaiZuT9NPb616CSmLf618jawtv3sufLl6ivK8WocjAo58cXwbRV1cgqxH0Qbv+iUt6m05eqEa2IRA==}
    dev: false

  /shallowequal/1.1.0:
    resolution: {integrity: sha512-y0m1JoUZSlPAjXVtPPW70aZWfIL/dSP7AFkRnniLCrK/8MDKog3TySTBmckD+RObVxH0v4Tox67+F14PdED2oQ==}
    dev: false

  /source-map-js/1.0.2:
    resolution: {integrity: sha512-R0XvVJ9WusLiqTCEiGCmICCMplcCkIwwR11mOSD9CR5u+IXYdiseeEuXCVAjS54zqwkLcPNnmU4OeJ6tUrWhDw==}
    engines: {node: '>=0.10.0'}

  /source-map/0.6.1:
    resolution: {integrity: sha512-UjgapumWlbMhkBgzT7Ykc5YXUT46F0iKu8SGXq0bcwP5dz/h0Plj6enJqjz1Zbq2l5WaqYnrVbwWOWMyF3F47g==}
    engines: {node: '>=0.10.0'}
    dev: false

  /sourcemap-codec/1.4.8:
    resolution: {integrity: sha512-9NykojV5Uih4lgo5So5dtw+f0JgJX30KCNI8gwhz2J9A15wD0Ml6tjHKwf6fTSa6fAdVBdZeNOs9eJ71qCk8vA==}
    dev: false

  /string-convert/0.2.1:
    resolution: {integrity: sha1-aYLMMEn7tM2F+LJFaLnZvznu/5c=}
    dev: false

  /supports-preserve-symlinks-flag/1.0.0:
    resolution: {integrity: sha512-ot0WnXS9fgdkgIcePe6RHNk1WA8+muPa6cSjeR3V8K27q9BB1rTE3R1p7Hv0z1ZyAc8s6Vvv8DIyWf681MAt0w==}
    engines: {node: '>= 0.4'}
    dev: true

  /tinycolor2/1.4.2:
    resolution: {integrity: sha512-vJhccZPs965sV/L2sU4oRQVAos0pQXwsvTLkWYdqJ+a8Q5kPFzJTuOFwy7UniPli44NKQGAglksjvOcpo95aZA==}
    dev: false

  /vite/2.8.6:
    resolution: {integrity: sha512-e4H0QpludOVKkmOsRyqQ7LTcMUDF3mcgyNU4lmi0B5JUbe0ZxeBBl8VoZ8Y6Rfn9eFKYtdXNPcYK97ZwH+K2ug==}
    engines: {node: '>=12.2.0'}
    hasBin: true
    peerDependencies:
      less: '*'
      sass: '*'
      stylus: '*'
    peerDependenciesMeta:
      less:
        optional: true
      sass:
        optional: true
      stylus:
        optional: true
    dependencies:
      esbuild: 0.14.23
      postcss: 8.4.7
      resolve: 1.22.0
      rollup: 2.69.0
    optionalDependencies:
      fsevents: 2.3.2
    dev: true

  /vue-ref/2.0.0:
    resolution: {integrity: sha512-uKNKpFOVeWNqS2mrBZqnpLyXJo5Q+vnkex6JvpENvhXHFNBW/SJTP8vJywLuVT3DpxwXcF9N0dyIiZ4/NpTexQ==}
    dev: false

  /vue-router/4.0.13_vue@3.2.31:
    resolution: {integrity: sha512-LmXrC+BkDRLak+d5xTMgUYraT3Nj0H/vCbP+7usGvIl9Viqd1UP6AsP0i69pSbn9O0dXK/xCdp4yPw21HqV9Jw==}
    peerDependencies:
      vue: ^3.2.0
    dependencies:
      '@vue/devtools-api': 6.0.12
      vue: 3.2.31
    dev: false

  /vue/3.2.31:
    resolution: {integrity: sha512-odT3W2tcffTiQCy57nOT93INw1auq5lYLLYtWpPYQQYQOOdHiqFct9Xhna6GJ+pJQaF67yZABraH47oywkJgFw==}
    dependencies:
      '@vue/compiler-dom': 3.2.31
      '@vue/compiler-sfc': 3.2.31
      '@vue/runtime-dom': 3.2.31
      '@vue/server-renderer': 3.2.31_vue@3.2.31
      '@vue/shared': 3.2.31
    dev: false

  /vuex/4.0.2_vue@3.2.31:
    resolution: {integrity: sha512-M6r8uxELjZIK8kTKDGgZTYX/ahzblnzC4isU1tpmEuOIIKmV+TRdc+H4s8ds2NuZ7wpUTdGRzJRtoj+lI+pc0Q==}
    peerDependencies:
      vue: ^3.0.2
    dependencies:
      '@vue/devtools-api': 6.0.12
      vue: 3.2.31
    dev: false

  /warning/4.0.3:
    resolution: {integrity: sha512-rpJyN222KWIvHJ/F53XSZv0Zl/accqHR8et1kpaMTD/fLCRxtV8iX8czMzY7sVZupTI3zcUTg8eycS2kNF9l6w==}
    dependencies:
      loose-envify: 1.4.0
    dev: false
